
Microsoft Visual Studio Solution File, Format Version 12.00
# Visual Studio 15
Project("{FAE04EC0-301F-11D3-BF4B-00C04F79EFBC}") = "DecisionMaking", "DecisionMaking\DecisionMaking.csproj", "{CCC70779-8ED7-46BC-8B8B-F0CF92B3E594}"
EndProject
Project("{FAE04EC0-301F-11D3-BF4B-00C04F79EFBC}") = "UTest", "UTest\UTest.csproj", "{2E64662C-CE3F-44DB-9FB3-7F21D07B0C45}"
EndProject
Global
	GlobalSection(SolutionConfigurationPlatforms) = preSolution
		Debug|Any CPU = Debug|Any CPU
		Release|Any CPU = Release|Any CPU
	EndGlobalSection
	GlobalSection(ProjectConfigurationPlatforms) = postSolution
		{CCC70779-8ED7-46BC-8B8B-F0CF92B3E594}.Debug|Any CPU.ActiveCfg = Debug|Any CPU
		{CCC70779-8ED7-46BC-8B8B-F0CF92B3E594}.Debug|Any CPU.Build.0 = Debug|Any CPU
		{CCC70779-8ED7-46BC-8B8B-F0CF92B3E594}.Release|Any CPU.ActiveCfg = Release|Any CPU
		{CCC70779-8ED7-46BC-8B8B-F0CF92B3E594}.Release|Any CPU.Build.0 = Release|Any CPU
		{2E64662C-CE3F-44DB-9FB3-7F21D07B0C45}.Debug|Any CPU.ActiveCfg = Debug|Any CPU
		{2E64662C-CE3F-44DB-9FB3-7F21D07B0C45}.Debug|Any CPU.Build.0 = Debug|Any CPU
		{2E64662C-CE3F-44DB-9FB3-7F21D07B0C45}.Release|Any CPU.ActiveCfg = Release|Any CPU
		{2E64662C-CE3F-44DB-9FB3-7F21D07B0C45}.Release|Any CPU.Build.0 = Release|Any CPU
	EndGlobalSection
EndGlobal
